
Microsoft Visual Studio Solution File, Format Version 12.00
# Visual Studio Version 17
#check
VisualStudioVersion = 17.3.32901.215
MinimumVisualStudioVersion = 10.0.40219.1
Project("{FAE04EC0-301F-11D3-BF4B-00C04F79EFBC}") = "WebApplication8", "WebApplication8\WebApplication8.csproj", "{D95D64A1-5324-4A44-AC87-7C09DDB6D8F4}"
EndProject
Global
	GlobalSection(SolutionConfigurationPlatforms) = preSolution
		Debug|Any CPU = Debug|Any CPU
		Release|Any CPU = Release|Any CPU
	EndGlobalSection
	GlobalSection(ProjectConfigurationPlatforms) = postSolution
		{D95D64A1-5324-4A44-AC87-7C09DDB6D8F4}.Debug|Any CPU.ActiveCfg = Debug|Any CPU
		{D95D64A1-5324-4A44-AC87-7C09DDB6D8F4}.Debug|Any CPU.Build.0 = Debug|Any CPU
		{D95D64A1-5324-4A44-AC87-7C09DDB6D8F4}.Release|Any CPU.ActiveCfg = Release|Any CPU
		{D95D64A1-5324-4A44-AC87-7C09DDB6D8F4}.Release|Any CPU.Build.0 = Release|Any CPU
	EndGlobalSection
	GlobalSection(SolutionProperties) = preSolution
		HideSolutionNode = FALSE
	EndGlobalSection
	GlobalSection(ExtensibilityGlobals) = postSolution
		SolutionGuid = {7E1ECAF5-8F03-4B3A-82EF-4FBE91822369}
	EndGlobalSection
EndGlobal
